
Microsoft Visual Studio Solution File, Format Version 12.00
# Visual Studio Version 16
VisualStudioVersion = 25.0.1705.5
MinimumVisualStudioVersion = 10.0.40219.1
Project("{FAE04EC0-301F-11D3-BF4B-00C04F79EFBC}") = "Birjanews.Api", "Birjanews.Api\Birjanews.Api.csproj", "{FFB3CAD3-1295-4C42-BE8B-1CE8C29CC26F}"
EndProject
Global
	GlobalSection(SolutionConfigurationPlatforms) = preSolution
		Debug|Any CPU = Debug|Any CPU
		Release|Any CPU = Release|Any CPU
	EndGlobalSection
	GlobalSection(ProjectConfigurationPlatforms) = postSolution
		{FFB3CAD3-1295-4C42-BE8B-1CE8C29CC26F}.Debug|Any CPU.ActiveCfg = Debug|Any CPU
		{FFB3CAD3-1295-4C42-BE8B-1CE8C29CC26F}.Debug|Any CPU.Build.0 = Debug|Any CPU
		{FFB3CAD3-1295-4C42-BE8B-1CE8C29CC26F}.Release|Any CPU.ActiveCfg = Release|Any CPU
		{FFB3CAD3-1295-4C42-BE8B-1CE8C29CC26F}.Release|Any CPU.Build.0 = Release|Any CPU
	EndGlobalSection
	GlobalSection(SolutionProperties) = preSolution
		HideSolutionNode = FALSE
	EndGlobalSection
	GlobalSection(ExtensibilityGlobals) = postSolution
		SolutionGuid = {6BD04741-F636-4C6F-9274-40D6D6A31FE8}
	EndGlobalSection
EndGlobal
